
Microsoft Visual Studio Solution File, Format Version 12.00
# Visual Studio Version 16
VisualStudioVersion = 16.0.32228.343
MinimumVisualStudioVersion = 10.0.40219.1
Project("{9A19103F-16F7-4668-BE54-9A1E7A4F7556}") = "Entities", "Entities\Entities.csproj", "{FF5947D3-9172-4E22-BA3D-161A053D46C6}"
EndProject
Project("{9A19103F-16F7-4668-BE54-9A1E7A4F7556}") = "DataAccess", "DataAccess\DataAccess.csproj", "{99DFDB4B-DE1F-41BF-9DFE-5D864A9894D9}"
EndProject
Project("{9A19103F-16F7-4668-BE54-9A1E7A4F7556}") = "Core", "Core\Core.csproj", "{51378566-45B3-4E82-8FC4-365066067B47}"
EndProject
Project("{9A19103F-16F7-4668-BE54-9A1E7A4F7556}") = "Business", "Business\Business.csproj", "{98CB4CDE-A4B0-46D2-986E-8468F16745F1}"
EndProject
Project("{FAE04EC0-301F-11D3-BF4B-00C04F79EFBC}") = "WebAPI", "WebAPI\WebAPI.csproj", "{ACC4C40D-7258-4B57-9153-99208ADAF878}"
EndProject
Global
	GlobalSection(SolutionConfigurationPlatforms) = preSolution
		Debug|Any CPU = Debug|Any CPU
		Release|Any CPU = Release|Any CPU
	EndGlobalSection
	GlobalSection(ProjectConfigurationPlatforms) = postSolution
		{FF5947D3-9172-4E22-BA3D-161A053D46C6}.Debug|Any CPU.ActiveCfg = Debug|Any CPU
		{FF5947D3-9172-4E22-BA3D-161A053D46C6}.Debug|Any CPU.Build.0 = Debug|Any CPU
		{FF5947D3-9172-4E22-BA3D-161A053D46C6}.Release|Any CPU.ActiveCfg = Release|Any CPU
		{FF5947D3-9172-4E22-BA3D-161A053D46C6}.Release|Any CPU.Build.0 = Release|Any CPU
		{99DFDB4B-DE1F-41BF-9DFE-5D864A9894D9}.Debug|Any CPU.ActiveCfg = Debug|Any CPU
		{99DFDB4B-DE1F-41BF-9DFE-5D864A9894D9}.Debug|Any CPU.Build.0 = Debug|Any CPU
		{99DFDB4B-DE1F-41BF-9DFE-5D864A9894D9}.Release|Any CPU.ActiveCfg = Release|Any CPU
		{99DFDB4B-DE1F-41BF-9DFE-5D864A9894D9}.Release|Any CPU.Build.0 = Release|Any CPU
		{51378566-45B3-4E82-8FC4-365066067B47}.Debug|Any CPU.ActiveCfg = Debug|Any CPU
		{51378566-45B3-4E82-8FC4-365066067B47}.Debug|Any CPU.Build.0 = Debug|Any CPU
		{51378566-45B3-4E82-8FC4-365066067B47}.Release|Any CPU.ActiveCfg = Release|Any CPU
		{51378566-45B3-4E82-8FC4-365066067B47}.Release|Any CPU.Build.0 = Release|Any CPU
		{98CB4CDE-A4B0-46D2-986E-8468F16745F1}.Debug|Any CPU.ActiveCfg = Debug|Any CPU
		{98CB4CDE-A4B0-46D2-986E-8468F16745F1}.Debug|Any CPU.Build.0 = Debug|Any CPU
		{98CB4CDE-A4B0-46D2-986E-8468F16745F1}.Release|Any CPU.ActiveCfg = Release|Any CPU
		{98CB4CDE-A4B0-46D2-986E-8468F16745F1}.Release|Any CPU.Build.0 = Release|Any CPU
		{ACC4C40D-7258-4B57-9153-99208ADAF878}.Debug|Any CPU.ActiveCfg = Debug|Any CPU
		{ACC4C40D-7258-4B57-9153-99208ADAF878}.Debug|Any CPU.Build.0 = Debug|Any CPU
		{ACC4C40D-7258-4B57-9153-99208ADAF878}.Release|Any CPU.ActiveCfg = Release|Any CPU
		{ACC4C40D-7258-4B57-9153-99208ADAF878}.Release|Any CPU.Build.0 = Release|Any CPU
	EndGlobalSection
	GlobalSection(SolutionProperties) = preSolution
		HideSolutionNode = FALSE
	EndGlobalSection
	GlobalSection(ExtensibilityGlobals) = postSolution
		SolutionGuid = {1C3B2804-9A91-43AB-A497-4D129788F82A}
	EndGlobalSection
EndGlobal
